// !$*UTF8*$!
{
	archiveVersion = 1;
	classes = {
	};
	objectVersion = 50;
	objects = {

/* Begin PBXBuildFile section */
		1C736E67227F43AF00012954 /* AppDelegate.swift in Sources */ = {isa = PBXBuildFile; fileRef = 1C736E66227F43AF00012954 /* AppDelegate.swift */; };
		1C736E69227F43AF00012954 /* ViewController.swift in Sources */ = {isa = PBXBuildFile; fileRef = 1C736E68227F43AF00012954 /* ViewController.swift */; };
		1C736E6C227F43AF00012954 /* Main.storyboard in Resources */ = {isa = PBXBuildFile; fileRef = 1C736E6A227F43AF00012954 /* Main.storyboard */; };
		1C736E6F227F43AF00012954 /* Facts.xcdatamodeld in Sources */ = {isa = PBXBuildFile; fileRef = 1C736E6D227F43AF00012954 /* Facts.xcdatamodeld */; };
		1C736E71227F43B000012954 /* Assets.xcassets in Resources */ = {isa = PBXBuildFile; fileRef = 1C736E70227F43B000012954 /* Assets.xcassets */; };
		1C736E74227F43B000012954 /* LaunchScreen.storyboard in Resources */ = {isa = PBXBuildFile; fileRef = 1C736E72227F43B000012954 /* LaunchScreen.storyboard */; };
		1C736E7F227F43B000012954 /* FactsTests.swift in Sources */ = {isa = PBXBuildFile; fileRef = 1C736E7E227F43B000012954 /* FactsTests.swift */; };
		1C736E8A227F43B000012954 /* FactsUITests.swift in Sources */ = {isa = PBXBuildFile; fileRef = 1C736E89227F43B000012954 /* FactsUITests.swift */; };
/* End PBXBuildFile section */

/* Begin PBXContainerItemProxy section */
		1C736E7B227F43B000012954 /* PBXContainerItemProxy */ = {
			isa = PBXContainerItemProxy;
			containerPortal = 1C736E5B227F43AF00012954 /* Project object */;
			proxyType = 1;
			remoteGlobalIDString = 1C736E62227F43AF00012954;
			remoteInfo = Facts;
		};
		1C736E86227F43B000012954 /* PBXContainerItemProxy */ = {
			isa = PBXContainerItemProxy;
			containerPortal = 1C736E5B227F43AF00012954 /* Project object */;
			proxyType = 1;
			remoteGlobalIDString = 1C736E62227F43AF00012954;
			remoteInfo = Facts;
		};
/* End PBXContainerItemProxy section */

/* Begin PBXFileReference section */
		1C736E63227F43AF00012954 /* Facts.app */ = {isa = PBXFileReference; explicitFileType = wrapper.application; includeInIndex = 0; path = Facts.app; sourceTree = BUILT_PRODUCTS_DIR; };
		1C736E66227F43AF00012954 /* AppDelegate.swift */ = {isa = PBXFileReference; lastKnownFileType = sourcecode.swift; path = AppDelegate.swift; sourceTree = "<group>"; };
		1C736E68227F43AF00012954 /* ViewController.swift */ = {isa = PBXFileReference; lastKnownFileType = sourcecode.swift; path = ViewController.swift; sourceTree = "<group>"; };
		1C736E6B227F43AF00012954 /* Base */ = {isa = PBXFileReference; lastKnownFileType = file.storyboard; name = Base; path = Base.lproj/Main.storyboard; sourceTree = "<group>"; };
		1C736E6E227F43AF00012954 /* Facts.xcdatamodel */ = {isa = PBXFileReference; lastKnownFileType = wrapper.xcdatamodel; path = Facts.xcdatamodel; sourceTree = "<group>"; };
		1C736E70227F43B000012954 /* Assets.xcassets */ = {isa = PBXFileReference; lastKnownFileType = folder.assetcatalog; path = Assets.xcassets; sourceTree = "<group>"; };
		1C736E73227F43B000012954 /* Base */ = {isa = PBXFileReference; lastKnownFileType = file.storyboard; name = Base; path = Base.lproj/LaunchScreen.storyboard; sourceTree = "<group>"; };
		1C736E75227F43B000012954 /* Info.plist */ = {isa = PBXFileReference; lastKnownFileType = text.plist.xml; path = Info.plist; sourceTree = "<group>"; };
		1C736E7A227F43B000012954 /* FactsTests.xctest */ = {isa = PBXFileReference; explicitFileType = wrapper.cfbundle; includeInIndex = 0; path = FactsTests.xctest; sourceTree = BUILT_PRODUCTS_DIR; };
		1C736E7E227F43B000012954 /* FactsTests.swift */ = {isa = PBXFileReference; lastKnownFileType = sourcecode.swift; path = FactsTests.swift; sourceTree = "<group>"; };
		1C736E80227F43B000012954 /* Info.plist */ = {isa = PBXFileReference; lastKnownFileType = text.plist.xml; path = Info.plist; sourceTree = "<group>"; };
		1C736E85227F43B000012954 /* FactsUITests.xctest */ = {isa = PBXFileReference; explicitFileType = wrapper.cfbundle; includeInIndex = 0; path = FactsUITests.xctest; sourceTree = BUILT_PRODUCTS_DIR; };
		1C736E89227F43B000012954 /* FactsUITests.swift */ = {isa = PBXFileReference; lastKnownFileType = sourcecode.swift; path = FactsUITests.swift; sourceTree = "<group>"; };
		1C736E8B227F43B000012954 /* Info.plist */ = {isa = PBXFileReference; lastKnownFileType = text.plist.xml; path = Info.plist; sourceTree = "<group>"; };
/* End PBXFileReference section */

/* Begin PBXFrameworksBuildPhase section */
		1C736E60227F43AF00012954 /* Frameworks */ = {
			isa = PBXFrameworksBuildPhase;
			buildActionMask = 2147483647;
			files = (
			);
			runOnlyForDeploymentPostprocessing = 0;
		};
		1C736E77227F43B000012954 /* Frameworks */ = {
			isa = PBXFrameworksBuildPhase;
			buildActionMask = 2147483647;
			files = (
			);
			runOnlyForDeploymentPostprocessing = 0;
		};
		1C736E82227F43B000012954 /* Frameworks */ = {
			isa = PBXFrameworksBuildPhase;
			buildActionMask = 2147483647;
			files = (
			);
			runOnlyForDeploymentPostprocessing = 0;
		};
/* End PBXFrameworksBuildPhase section */

/* Begin PBXGroup section */
		1C736E5A227F43AF00012954 = {
			isa = PBXGroup;
			children = (
				1C736E65227F43AF00012954 /* Facts */,
				1C736E7D227F43B000012954 /* FactsTests */,
				1C736E88227F43B000012954 /* FactsUITests */,
				1C736E64227F43AF00012954 /* Products */,
			);
			sourceTree = "<group>";
		};
		1C736E64227F43AF00012954 /* Products */ = {
			isa = PBXGroup;
			children = (
				1C736E63227F43AF00012954 /* Facts.app */,
				1C736E7A227F43B000012954 /* FactsTests.xctest */,
				1C736E85227F43B000012954 /* FactsUITests.xctest */,
			);
			name = Products;
			sourceTree = "<group>";
		};
		1C736E65227F43AF00012954 /* Facts */ = {
			isa = PBXGroup;
			children = (
				1C736E66227F43AF00012954 /* AppDelegate.swift */,
				1C736E68227F43AF00012954 /* ViewController.swift */,
				1C736E6A227F43AF00012954 /* Main.storyboard */,
				1C736E70227F43B000012954 /* Assets.xcassets */,
				1C736E72227F43B000012954 /* LaunchScreen.storyboard */,
				1C736E75227F43B000012954 /* Info.plist */,
				1C736E6D227F43AF00012954 /* Facts.xcdatamodeld */,
			);
			path = Facts;
			sourceTree = "<group>";
		};
		1C736E7D227F43B000012954 /* FactsTests */ = {
			isa = PBXGroup;
			children = (
				1C736E7E227F43B000012954 /* FactsTests.swift */,
				1C736E80227F43B000012954 /* Info.plist */,
			);
			path = FactsTests;
			sourceTree = "<group>";
		};
		1C736E88227F43B000012954 /* FactsUITests */ = {
			isa = PBXGroup;
			children = (
				1C736E89227F43B000012954 /* FactsUITests.swift */,
				1C736E8B227F43B000012954 /* Info.plist */,
			);
			path = FactsUITests;
			sourceTree = "<group>";
		};
/* End PBXGroup section */

/* Begin PBXNativeTarget section */
		1C736E62227F43AF00012954 /* Facts */ = {
			isa = PBXNativeTarget;
			buildConfigurationList = 1C736E8E227F43B000012954 /* Build configuration list for PBXNativeTarget "Facts" */;
			buildPhases = (
				1C736E5F227F43AF00012954 /* Sources */,
				1C736E60227F43AF00012954 /* Frameworks */,
				1C736E61227F43AF00012954 /* Resources */,
			);
			buildRules = (
			);
			dependencies = (
			);
			name = Facts;
			productName = Facts;
			productReference = 1C736E63227F43AF00012954 /* Facts.app */;
			productType = "com.apple.product-type.application";
		};
		1C736E79227F43B000012954 /* FactsTests */ = {
			isa = PBXNativeTarget;
			buildConfigurationList = 1C736E91227F43B000012954 /* Build configuration list for PBXNativeTarget "FactsTests" */;
			buildPhases = (
				1C736E76227F43B000012954 /* Sources */,
				1C736E77227F43B000012954 /* Frameworks */,
				1C736E78227F43B000012954 /* Resources */,
			);
			buildRules = (
			);
			dependencies = (
				1C736E7C227F43B000012954 /* PBXTargetDependency */,
			);
			name = FactsTests;
			productName = FactsTests;
			productReference = 1C736E7A227F43B000012954 /* FactsTests.xctest */;
			productType = "com.apple.product-type.bundle.unit-test";
		};
		1C736E84227F43B000012954 /* FactsUITests */ = {
			isa = PBXNativeTarget;
			buildConfigurationList = 1C736E94227F43B000012954 /* Build configuration list for PBXNativeTarget "FactsUITests" */;
			buildPhases = (
				1C736E81227F43B000012954 /* Sources */,
				1C736E82227F43B000012954 /* Frameworks */,
				1C736E83227F43B000012954 /* Resources */,
			);
			buildRules = (
			);
			dependencies = (
				1C736E87227F43B000012954 /* PBXTargetDependency */,
			);
			name = FactsUITests;
			productName = FactsUITests;
			productReference = 1C736E85227F43B000012954 /* FactsUITests.xctest */;
			productType = "com.apple.product-type.bundle.ui-testing";
		};
/* End PBXNativeTarget section */

/* Begin PBXProject section */
		1C736E5B227F43AF00012954 /* Project object */ = {
			isa = PBXProject;
			attributes = {
				LastSwiftUpdateCheck = 1020;
				LastUpgradeCheck = 1020;
				ORGANIZATIONNAME = "Julio Fernandes";
				TargetAttributes = {
					1C736E62227F43AF00012954 = {
						CreatedOnToolsVersion = 10.2.1;
					};
					1C736E79227F43B000012954 = {
						CreatedOnToolsVersion = 10.2.1;
						TestTargetID = 1C736E62227F43AF00012954;
					};
					1C736E84227F43B000012954 = {
						CreatedOnToolsVersion = 10.2.1;
						TestTargetID = 1C736E62227F43AF00012954;
					};
				};
			};
			buildConfigurationList = 1C736E5E227F43AF00012954 /* Build configuration list for PBXProject "Facts" */;
			compatibilityVersion = "Xcode 9.3";
			developmentRegion = en;
			hasScannedForEncodings = 0;
			knownRegions = (
				en,
				Base,
			);
			mainGroup = 1C736E5A227F43AF00012954;
			productRefGroup = 1C736E64227F43AF00012954 /* Products */;
			projectDirPath = "";
			projectRoot = "";
			targets = (
				1C736E62227F43AF00012954 /* Facts */,
				1C736E79227F43B000012954 /* FactsTests */,
				1C736E84227F43B000012954 /* FactsUITests */,
			);
		};
/* End PBXProject section */

/* Begin PBXResourcesBuildPhase section */
		1C736E61227F43AF00012954 /* Resources */ = {
			isa = PBXResourcesBuildPhase;
			buildActionMask = 2147483647;
			files = (
				1C736E74227F43B000012954 /* LaunchScreen.storyboard in Resources */,
				1C736E71227F43B000012954 /* Assets.xcassets in Resources */,
				1C736E6C227F43AF00012954 /* Main.storyboard in Resources */,
			);
			runOnlyForDeploymentPostprocessing = 0;
		};
		1C736E78227F43B000012954 /* Resources */ = {
			isa = PBXResourcesBuildPhase;
			buildActionMask = 2147483647;
			files = (
			);
			runOnlyForDeploymentPostprocessing = 0;
		};
		1C736E83227F43B000012954 /* Resources */ = {
			isa = PBXResourcesBuildPhase;
			buildActionMask = 2147483647;
			files = (
			);
			runOnlyForDeploymentPostprocessing = 0;
		};
/* End PBXResourcesBuildPhase section */

/* Begin PBXSourcesBuildPhase section */
		1C736E5F227F43AF00012954 /* Sources */ = {
			isa = PBXSourcesBuildPhase;
			buildActionMask = 2147483647;
			files = (
				1C736E69227F43AF00012954 /* ViewController.swift in Sources */,
				1C736E6F227F43AF00012954 /* Facts.xcdatamodeld in Sources */,
				1C736E67227F43AF00012954 /* AppDelegate.swift in Sources */,
			);
			runOnlyForDeploymentPostprocessing = 0;
		};
		1C736E76227F43B000012954 /* Sources */ = {
			isa = PBXSourcesBuildPhase;
			buildActionMask = 2147483647;
			files = (
				1C736E7F227F43B000012954 /* FactsTests.swift in Sources */,
			);
			runOnlyForDeploymentPostprocessing = 0;
		};
		1C736E81227F43B000012954 /* Sources */ = {
			isa = PBXSourcesBuildPhase;
			buildActionMask = 2147483647;
			files = (
				1C736E8A227F43B000012954 /* FactsUITests.swift in Sources */,
			);
			runOnlyForDeploymentPostprocessing = 0;
		};
/* End PBXSourcesBuildPhase section */

/* Begin PBXTargetDependency section */
		1C736E7C227F43B000012954 /* PBXTargetDependency */ = {
			isa = PBXTargetDependency;
			target = 1C736E62227F43AF00012954 /* Facts */;
			targetProxy = 1C736E7B227F43B000012954 /* PBXContainerItemProxy */;
		};
		1C736E87227F43B000012954 /* PBXTargetDependency */ = {
			isa = PBXTargetDependency;
			target = 1C736E62227F43AF00012954 /* Facts */;
			targetProxy = 1C736E86227F43B000012954 /* PBXContainerItemProxy */;
		};
/* End PBXTargetDependency section */

/* Begin PBXVariantGroup section */
		1C736E6A227F43AF00012954 /* Main.storyboard */ = {
			isa = PBXVariantGroup;
			children = (
				1C736E6B227F43AF00012954 /* Base */,
			);
			name = Main.storyboard;
			sourceTree = "<group>";
		};
		1C736E72227F43B000012954 /* LaunchScreen.storyboard */ = {
			isa = PBXVariantGroup;
			children = (
				1C736E73227F43B000012954 /* Base */,
			);
			name = LaunchScreen.storyboard;
			sourceTree = "<group>";
		};
/* End PBXVariantGroup section */

/* Begin XCBuildConfiguration section */
		1C736E8C227F43B000012954 /* Debug */ = {
			isa = XCBuildConfiguration;
			buildSettings = {
				ALWAYS_SEARCH_USER_PATHS = NO;
				CLANG_ANALYZER_NONNULL = YES;
				CLANG_ANALYZER_NUMBER_OBJECT_CONVERSION = YES_AGGRESSIVE;
				CLANG_CXX_LANGUAGE_STANDARD = "gnu++14";
				CLANG_CXX_LIBRARY = "libc++";
				CLANG_ENABLE_MODULES = YES;
				CLANG_ENABLE_OBJC_ARC = YES;
				CLANG_ENABLE_OBJC_WEAK = YES;
				CLANG_WARN_BLOCK_CAPTURE_AUTORELEASING = YES;
				CLANG_WARN_BOOL_CONVERSION = YES;
				CLANG_WARN_COMMA = YES;
				CLANG_WARN_CONSTANT_CONVERSION = YES;
				CLANG_WARN_DEPRECATED_OBJC_IMPLEMENTATIONS = YES;
				CLANG_WARN_DIRECT_OBJC_ISA_USAGE = YES_ERROR;
				CLANG_WARN_DOCUMENTATION_COMMENTS = YES;
				CLANG_WARN_EMPTY_BODY = YES;
				CLANG_WARN_ENUM_CONVERSION = YES;
				CLANG_WARN_INFINITE_RECURSION = YES;
				CLANG_WARN_INT_CONVERSION = YES;
				CLANG_WARN_NON_LITERAL_NULL_CONVERSION = YES;
				CLANG_WARN_OBJC_IMPLICIT_RETAIN_SELF = YES;
				CLANG_WARN_OBJC_LITERAL_CONVERSION = YES;
				CLANG_WARN_OBJC_ROOT_CLASS = YES_ERROR;
				CLANG_WARN_RANGE_LOOP_ANALYSIS = YES;
				CLANG_WARN_STRICT_PROTOTYPES = YES;
				CLANG_WARN_SUSPICIOUS_MOVE = YES;
				CLANG_WARN_UNGUARDED_AVAILABILITY = YES_AGGRESSIVE;
				CLANG_WARN_UNREACHABLE_CODE = YES;
				CLANG_WARN__DUPLICATE_METHOD_MATCH = YES;
				CODE_SIGN_IDENTITY = "iPhone Developer";
				COPY_PHASE_STRIP = NO;
				DEBUG_INFORMATION_FORMAT = dwarf;
				ENABLE_STRICT_OBJC_MSGSEND = YES;
				ENABLE_TESTABILITY = YES;
				GCC_C_LANGUAGE_STANDARD = gnu11;
				GCC_DYNAMIC_NO_PIC = NO;
				GCC_NO_COMMON_BLOCKS = YES;
				GCC_OPTIMIZATION_LEVEL = 0;
				GCC_PREPROCESSOR_DEFINITIONS = (
					"DEBUG=1",
					"$(inherited)",
				);
				GCC_WARN_64_TO_32_BIT_CONVERSION = YES;
				GCC_WARN_ABOUT_RETURN_TYPE = YES_ERROR;
				GCC_WARN_UNDECLARED_SELECTOR = YES;
				GCC_WARN_UNINITIALIZED_AUTOS = YES_AGGRESSIVE;
				GCC_WARN_UNUSED_FUNCTION = YES;
				GCC_WARN_UNUSED_VARIABLE = YES;
				IPHONEOS_DEPLOYMENT_TARGET = 12.2;
				MTL_ENABLE_DEBUG_INFO = INCLUDE_SOURCE;
				MTL_FAST_MATH = YES;
				ONLY_ACTIVE_ARCH = YES;
				SDKROOT = iphoneos;
				SWIFT_ACTIVE_COMPILATION_CONDITIONS = DEBUG;
				SWIFT_OPTIMIZATION_LEVEL = "-Onone";
			};
			name = Debug;
		};
		1C736E8D227F43B000012954 /* Release */ = {
			isa = XCBuildConfiguration;
			buildSettings = {
				ALWAYS_SEARCH_USER_PATHS = NO;
				CLANG_ANALYZER_NONNULL = YES;
				CLANG_ANALYZER_NUMBER_OBJECT_CONVERSION = YES_AGGRESSIVE;
				CLANG_CXX_LANGUAGE_STANDARD = "gnu++14";
				CLANG_CXX_LIBRARY = "libc++";
				CLANG_ENABLE_MODULES = YES;
				CLANG_ENABLE_OBJC_ARC = YES;
				CLANG_ENABLE_OBJC_WEAK = YES;
				CLANG_WARN_BLOCK_CAPTURE_AUTORELEASING = YES;
				CLANG_WARN_BOOL_CONVERSION = YES;
				CLANG_WARN_COMMA = YES;
				CLANG_WARN_CONSTANT_CONVERSION = YES;
				CLANG_WARN_DEPRECATED_OBJC_IMPLEMENTATIONS = YES;
				CLANG_WARN_DIRECT_OBJC_ISA_USAGE = YES_ERROR;
				CLANG_WARN_DOCUMENTATION_COMMENTS = YES;
				CLANG_WARN_EMPTY_BODY = YES;
				CLANG_WARN_ENUM_CONVERSION = YES;
				CLANG_WARN_INFINITE_RECURSION = YES;
				CLANG_WARN_INT_CONVERSION = YES;
				CLANG_WARN_NON_LITERAL_NULL_CONVERSION = YES;
				CLANG_WARN_OBJC_IMPLICIT_RETAIN_SELF = YES;
				CLANG_WARN_OBJC_LITERAL_CONVERSION = YES;
				CLANG_WARN_OBJC_ROOT_CLASS = YES_ERROR;
				CLANG_WARN_RANGE_LOOP_ANALYSIS = YES;
				CLANG_WARN_STRICT_PROTOTYPES = YES;
				CLANG_WARN_SUSPICIOUS_MOVE = YES;
				CLANG_WARN_UNGUARDED_AVAILABILITY = YES_AGGRESSIVE;
				CLANG_WARN_UNREACHABLE_CODE = YES;
				CLANG_WARN__DUPLICATE_METHOD_MATCH = YES;
				CODE_SIGN_IDENTITY = "iPhone Developer";
				COPY_PHASE_STRIP = NO;
				DEBUG_INFORMATION_FORMAT = "dwarf-with-dsym";
				ENABLE_NS_ASSERTIONS = NO;
				ENABLE_STRICT_OBJC_MSGSEND = YES;
				GCC_C_LANGUAGE_STANDARD = gnu11;
				GCC_NO_COMMON_BLOCKS = YES;
				GCC_WARN_64_TO_32_BIT_CONVERSION = YES;
				GCC_WARN_ABOUT_RETURN_TYPE = YES_ERROR;
				GCC_WARN_UNDECLARED_SELECTOR = YES;
				GCC_WARN_UNINITIALIZED_AUTOS = YES_AGGRESSIVE;
				GCC_WARN_UNUSED_FUNCTION = YES;
				GCC_WARN_UNUSED_VARIABLE = YES;
				IPHONEOS_DEPLOYMENT_TARGET = 12.2;
				MTL_ENABLE_DEBUG_INFO = NO;
				MTL_FAST_MATH = YES;
				SDKROOT = iphoneos;
				SWIFT_COMPILATION_MODE = wholemodule;
				SWIFT_OPTIMIZATION_LEVEL = "-O";
				VALIDATE_PRODUCT = YES;
			};
			name = Release;
		};
		1C736E8F227F43B000012954 /* Debug */ = {
			isa = XCBuildConfiguration;
			buildSettings = {
				ASSETCATALOG_COMPILER_APPICON_NAME = AppIcon;
				CODE_SIGN_STYLE = Automatic;
				INFOPLIST_FILE = Facts/Info.plist;
				LD_RUNPATH_SEARCH_PATHS = (
					"$(inherited)",
					"@executable_path/Frameworks",
				);
				PRODUCT_BUNDLE_IDENTIFIER = br.com.julio.Facts;
				PRODUCT_NAME = "$(TARGET_NAME)";
				SWIFT_VERSION = 5.0;
				TARGETED_DEVICE_FAMILY = "1,2";
			};
			name = Debug;
		};
		1C736E90227F43B000012954 /* Release */ = {
			isa = XCBuildConfiguration;
			buildSettings = {
				ASSETCATALOG_COMPILER_APPICON_NAME = AppIcon;
				CODE_SIGN_STYLE = Automatic;
				INFOPLIST_FILE = Facts/Info.plist;
				LD_RUNPATH_SEARCH_PATHS = (
					"$(inherited)",
					"@executable_path/Frameworks",
				);
				PRODUCT_BUNDLE_IDENTIFIER = br.com.julio.Facts;
				PRODUCT_NAME = "$(TARGET_NAME)";
				SWIFT_VERSION = 5.0;
				TARGETED_DEVICE_FAMILY = "1,2";
			};
			name = Release;
		};
		1C736E92227F43B000012954 /* Debug */ = {
			isa = XCBuildConfiguration;
			buildSettings = {
				ALWAYS_EMBED_SWIFT_STANDARD_LIBRARIES = YES;
				BUNDLE_LOADER = "$(TEST_HOST)";
				CODE_SIGN_STYLE = Automatic;
				INFOPLIST_FILE = FactsTests/Info.plist;
				LD_RUNPATH_SEARCH_PATHS = (
					"$(inherited)",
					"@executable_path/Frameworks",
					"@loader_path/Frameworks",
				);
				PRODUCT_BUNDLE_IDENTIFIER = br.com.julio.FactsTests;
				PRODUCT_NAME = "$(TARGET_NAME)";
				SWIFT_VERSION = 5.0;
				TARGETED_DEVICE_FAMILY = "1,2";
				TEST_HOST = "$(BUILT_PRODUCTS_DIR)/Facts.app/Facts";
			};
			name = Debug;
		};
		1C736E93227F43B000012954 /* Release */ = {
			isa = XCBuildConfiguration;
			buildSettings = {
				ALWAYS_EMBED_SWIFT_STANDARD_LIBRARIES = YES;
				BUNDLE_LOADER = "$(TEST_HOST)";
				CODE_SIGN_STYLE = Automatic;
				INFOPLIST_FILE = FactsTests/Info.plist;
				LD_RUNPATH_SEARCH_PATHS = (
					"$(inherited)",
					"@executable_path/Frameworks",
					"@loader_path/Frameworks",
				);
				PRODUCT_BUNDLE_IDENTIFIER = br.com.julio.FactsTests;
				PRODUCT_NAME = "$(TARGET_NAME)";
				SWIFT_VERSION = 5.0;
				TARGETED_DEVICE_FAMILY = "1,2";
				TEST_HOST = "$(BUILT_PRODUCTS_DIR)/Facts.app/Facts";
			};
			name = Release;
		};
		1C736E95227F43B000012954 /* Debug */ = {
			isa = XCBuildConfiguration;
			buildSettings = {
				ALWAYS_EMBED_SWIFT_STANDARD_LIBRARIES = YES;
				CODE_SIGN_STYLE = Automatic;
				INFOPLIST_FILE = FactsUITests/Info.plist;
				LD_RUNPATH_SEARCH_PATHS = (
					"$(inherited)",
					"@executable_path/Frameworks",
					"@loader_path/Frameworks",
				);
				PRODUCT_BUNDLE_IDENTIFIER = br.com.julio.FactsUITests;
				PRODUCT_NAME = "$(TARGET_NAME)";
				SWIFT_VERSION = 5.0;
				TARGETED_DEVICE_FAMILY = "1,2";
				TEST_TARGET_NAME = Facts;
			};
			name = Debug;
		};
		1C736E96227F43B000012954 /* Release */ = {
			isa = XCBuildConfiguration;
			buildSettings = {
				ALWAYS_EMBED_SWIFT_STANDARD_LIBRARIES = YES;
				CODE_SIGN_STYLE = Automatic;
				INFOPLIST_FILE = FactsUITests/Info.plist;
				LD_RUNPATH_SEARCH_PATHS = (
					"$(inherited)",
					"@executable_path/Frameworks",
					"@loader_path/Frameworks",
				);
				PRODUCT_BUNDLE_IDENTIFIER = br.com.julio.FactsUITests;
				PRODUCT_NAME = "$(TARGET_NAME)";
				SWIFT_VERSION = 5.0;
				TARGETED_DEVICE_FAMILY = "1,2";
				TEST_TARGET_NAME = Facts;
			};
			name = Release;
		};
/* End XCBuildConfiguration section */

/* Begin XCConfigurationList section */
		1C736E5E227F43AF00012954 /* Build configuration list for PBXProject "Facts" */ = {
			isa = XCConfigurationList;
			buildConfigurations = (
				1C736E8C227F43B000012954 /* Debug */,
				1C736E8D227F43B000012954 /* Release */,
			);
			defaultConfigurationIsVisible = 0;
			defaultConfigurationName = Release;
		};
		1C736E8E227F43B000012954 /* Build configuration list for PBXNativeTarget "Facts" */ = {
			isa = XCConfigurationList;
			buildConfigurations = (
				1C736E8F227F43B000012954 /* Debug */,
				1C736E90227F43B000012954 /* Release */,
			);
			defaultConfigurationIsVisible = 0;
			defaultConfigurationName = Release;
		};
		1C736E91227F43B000012954 /* Build configuration list for PBXNativeTarget "FactsTests" */ = {
			isa = XCConfigurationList;
			buildConfigurations = (
				1C736E92227F43B000012954 /* Debug */,
				1C736E93227F43B000012954 /* Release */,
			);
			defaultConfigurationIsVisible = 0;
			defaultConfigurationName = Release;
		};
		1C736E94227F43B000012954 /* Build configuration list for PBXNativeTarget "FactsUITests" */ = {
			isa = XCConfigurationList;
			buildConfigurations = (
				1C736E95227F43B000012954 /* Debug */,
				1C736E96227F43B000012954 /* Release */,
			);
			defaultConfigurationIsVisible = 0;
			defaultConfigurationName = Release;
		};
/* End XCConfigurationList section */

/* Begin XCVersionGroup section */
		1C736E6D227F43AF00012954 /* Facts.xcdatamodeld */ = {
			isa = XCVersionGroup;
			children = (
				1C736E6E227F43AF00012954 /* Facts.xcdatamodel */,
			);
			currentVersion = 1C736E6E227F43AF00012954 /* Facts.xcdatamodel */;
			path = Facts.xcdatamodeld;
			sourceTree = "<group>";
			versionGroupType = wrapper.xcdatamodel;
		};
/* End XCVersionGroup section */
	};
	rootObject = 1C736E5B227F43AF00012954 /* Project object */;
}
